// !$*UTF8*$!
{
	archiveVersion = 1;
	classes = {
	};
	objectVersion = 46;
	objects = {

/* Begin PBXBuildFile section */
		7925D7361D25315A00FE0867 /* main.swift in Sources */ = {isa = PBXBuildFile; fileRef = 7925D7351D25315A00FE0867 /* main.swift */; };
		795266231D253435000367A6 /* CommandLineSupport.swift in Sources */ = {isa = PBXBuildFile; fileRef = 795266221D253435000367A6 /* CommandLineSupport.swift */; };
		795266241D25368C000367A6 /* PlaygroundParser.swift in Sources */ = {isa = PBXBuildFile; fileRef = 7989AC061CE9E20B00609DB0 /* PlaygroundParser.swift */; };
		795266251D25368C000367A6 /* PlaygroundUpdater.swift in Sources */ = {isa = PBXBuildFile; fileRef = 79AE648F1CEDB42200042D2E /* PlaygroundUpdater.swift */; };
/* End PBXBuildFile section */

/* Begin PBXCopyFilesBuildPhase section */
		7925D7311D25315A00FE0867 /* CopyFiles */ = {
			isa = PBXCopyFilesBuildPhase;
			buildActionMask = 2147483647;
			dstPath = /usr/share/man/man1/;
			dstSubfolderSpec = 0;
			files = (
			);
			runOnlyForDeploymentPostprocessing = 1;
		};
/* End PBXCopyFilesBuildPhase section */

/* Begin PBXFileReference section */
		7925D7331D25315A00FE0867 /* pglinks */ = {isa = PBXFileReference; explicitFileType = "compiled.mach-o.executable"; includeInIndex = 0; path = pglinks; sourceTree = BUILT_PRODUCTS_DIR; };
		7925D7351D25315A00FE0867 /* main.swift */ = {isa = PBXFileReference; lastKnownFileType = sourcecode.swift; path = main.swift; sourceTree = "<group>"; };
		795266221D253435000367A6 /* CommandLineSupport.swift */ = {isa = PBXFileReference; fileEncoding = 4; lastKnownFileType = sourcecode.swift; path = CommandLineSupport.swift; sourceTree = "<group>"; };
		7989ABFC1CE9DDA200609DB0 /* PlaygroundTOC.xcscheme */ = {isa = PBXFileReference; lastKnownFileType = text.xml; name = PlaygroundTOC.xcscheme; path = PlaygroundTOC.xcodeproj/xcshareddata/xcschemes/PlaygroundTOC.xcscheme; sourceTree = SOURCE_ROOT; };
		7989ABFE1CE9DDA200609DB0 /* PlaygroundTOC.swift */ = {isa = PBXFileReference; lastKnownFileType = sourcecode.swift; path = PlaygroundTOC.swift; sourceTree = "<group>"; };
		7989AC001CE9DDA200609DB0 /* Info.plist */ = {isa = PBXFileReference; lastKnownFileType = text.plist.xml; path = Info.plist; sourceTree = "<group>"; };
		7989AC061CE9E20B00609DB0 /* PlaygroundParser.swift */ = {isa = PBXFileReference; fileEncoding = 4; lastKnownFileType = sourcecode.swift; path = PlaygroundParser.swift; sourceTree = "<group>"; };
		79AE648F1CEDB42200042D2E /* PlaygroundUpdater.swift */ = {isa = PBXFileReference; fileEncoding = 4; lastKnownFileType = sourcecode.swift; path = PlaygroundUpdater.swift; sourceTree = "<group>"; };
/* End PBXFileReference section */

/* Begin PBXFrameworksBuildPhase section */
		7925D7301D25315A00FE0867 /* Frameworks */ = {
			isa = PBXFrameworksBuildPhase;
			buildActionMask = 2147483647;
			files = (
			);
			runOnlyForDeploymentPostprocessing = 0;
		};
/* End PBXFrameworksBuildPhase section */

/* Begin PBXGroup section */
		7925D7341D25315A00FE0867 /* pglinks */ = {
			isa = PBXGroup;
			children = (
				7925D7351D25315A00FE0867 /* main.swift */,
				795266221D253435000367A6 /* CommandLineSupport.swift */,
			);
			path = pglinks;
			sourceTree = "<group>";
		};
		7989ABF01CE9DDA200609DB0 = {
			isa = PBXGroup;
			children = (
				7989ABFA1CE9DDA200609DB0 /* PlaygroundTOC */,
				7925D7341D25315A00FE0867 /* pglinks */,
				7989ABF91CE9DDA200609DB0 /* Products */,
			);
			sourceTree = "<group>";
		};
		7989ABF91CE9DDA200609DB0 /* Products */ = {
			isa = PBXGroup;
			children = (
				7925D7331D25315A00FE0867 /* pglinks */,
			);
			name = Products;
			sourceTree = "<group>";
		};
		7989ABFA1CE9DDA200609DB0 /* PlaygroundTOC */ = {
			isa = PBXGroup;
			children = (
				7989ABFE1CE9DDA200609DB0 /* PlaygroundTOC.swift */,
				7989AC061CE9E20B00609DB0 /* PlaygroundParser.swift */,
				79AE648F1CEDB42200042D2E /* PlaygroundUpdater.swift */,
				7989AC001CE9DDA200609DB0 /* Info.plist */,
				7989ABFB1CE9DDA200609DB0 /* Supporting Files */,
			);
			path = PlaygroundTOC;
			sourceTree = "<group>";
		};
		7989ABFB1CE9DDA200609DB0 /* Supporting Files */ = {
			isa = PBXGroup;
			children = (
				7989ABFC1CE9DDA200609DB0 /* PlaygroundTOC.xcscheme */,
			);
			name = "Supporting Files";
			sourceTree = "<group>";
		};
/* End PBXGroup section */

/* Begin PBXNativeTarget section */
		7925D7321D25315A00FE0867 /* pglinks */ = {
			isa = PBXNativeTarget;
			buildConfigurationList = 7925D7391D25315A00FE0867 /* Build configuration list for PBXNativeTarget "pglinks" */;
			buildPhases = (
				7925D72F1D25315A00FE0867 /* Sources */,
				7925D7301D25315A00FE0867 /* Frameworks */,
				7925D7311D25315A00FE0867 /* CopyFiles */,
			);
			buildRules = (
			);
			dependencies = (
			);
			name = pglinks;
			productName = pglinks;
			productReference = 7925D7331D25315A00FE0867 /* pglinks */;
			productType = "com.apple.product-type.tool";
		};
/* End PBXNativeTarget section */

/* Begin PBXProject section */
		7989ABF11CE9DDA200609DB0 /* Project object */ = {
			isa = PBXProject;
			attributes = {
				LastSwiftUpdateCheck = 0730;
				LastUpgradeCheck = 0800;
				ORGANIZATIONNAME = "Richard Turton";
				TargetAttributes = {
					7925D7321D25315A00FE0867 = {
						CreatedOnToolsVersion = 7.3.1;
						LastSwiftMigration = 0800;
					};
				};
			};
			buildConfigurationList = 7989ABF41CE9DDA200609DB0 /* Build configuration list for PBXProject "PlaygroundTOC" */;
			compatibilityVersion = "Xcode 3.2";
			developmentRegion = English;
			hasScannedForEncodings = 0;
			knownRegions = (
				en,
			);
			mainGroup = 7989ABF01CE9DDA200609DB0;
			productRefGroup = 7989ABF91CE9DDA200609DB0 /* Products */;
			projectDirPath = "";
			projectRoot = "";
			targets = (
				7925D7321D25315A00FE0867 /* pglinks */,
			);
		};
/* End PBXProject section */

/* Begin PBXSourcesBuildPhase section */
		7925D72F1D25315A00FE0867 /* Sources */ = {
			isa = PBXSourcesBuildPhase;
			buildActionMask = 2147483647;
			files = (
				795266251D25368C000367A6 /* PlaygroundUpdater.swift in Sources */,
				7925D7361D25315A00FE0867 /* main.swift in Sources */,
				795266241D25368C000367A6 /* PlaygroundParser.swift in Sources */,
				795266231D253435000367A6 /* CommandLineSupport.swift in Sources */,
			);
			runOnlyForDeploymentPostprocessing = 0;
		};
/* End PBXSourcesBuildPhase section */

/* Begin XCBuildConfiguration section */
		7925D7371D25315A00FE0867 /* Debug */ = {
			isa = XCBuildConfiguration;
			buildSettings = {
				PRODUCT_NAME = "$(TARGET_NAME)";
				SWIFT_OPTIMIZATION_LEVEL = "-Onone";
				SWIFT_VERSION = 3.0;
			};
			name = Debug;
		};
		7925D7381D25315A00FE0867 /* Release */ = {
			isa = XCBuildConfiguration;
			buildSettings = {
				PRODUCT_NAME = "$(TARGET_NAME)";
				SWIFT_OPTIMIZATION_LEVEL = "-Owholemodule";
				SWIFT_VERSION = 3.0;
			};
			name = Release;
		};
		7989AC011CE9DDA200609DB0 /* Debug */ = {
			isa = XCBuildConfiguration;
			buildSettings = {
				ALWAYS_SEARCH_USER_PATHS = NO;
				CLANG_ANALYZER_NONNULL = YES;
				CLANG_CXX_LANGUAGE_STANDARD = "gnu++0x";
				CLANG_CXX_LIBRARY = "libc++";
				CLANG_ENABLE_MODULES = YES;
				CLANG_ENABLE_OBJC_ARC = YES;
				CLANG_WARN_BOOL_CONVERSION = YES;
				CLANG_WARN_CONSTANT_CONVERSION = YES;
				CLANG_WARN_DIRECT_OBJC_ISA_USAGE = YES_ERROR;
				CLANG_WARN_EMPTY_BODY = YES;
				CLANG_WARN_ENUM_CONVERSION = YES;
				CLANG_WARN_INT_CONVERSION = YES;
				CLANG_WARN_OBJC_ROOT_CLASS = YES_ERROR;
				CLANG_WARN_UNREACHABLE_CODE = YES;
				CLANG_WARN__DUPLICATE_METHOD_MATCH = YES;
				CODE_SIGN_IDENTITY = "-";
				COPY_PHASE_STRIP = NO;
				DEBUG_INFORMATION_FORMAT = dwarf;
				ENABLE_STRICT_OBJC_MSGSEND = YES;
				ENABLE_TESTABILITY = YES;
				GCC_C_LANGUAGE_STANDARD = gnu99;
				GCC_DYNAMIC_NO_PIC = NO;
				GCC_NO_COMMON_BLOCKS = YES;
				GCC_OPTIMIZATION_LEVEL = 0;
				GCC_PREPROCESSOR_DEFINITIONS = (
					"DEBUG=1",
					"$(inherited)",
				);
				GCC_WARN_64_TO_32_BIT_CONVERSION = YES;
				GCC_WARN_ABOUT_RETURN_TYPE = YES_ERROR;
				GCC_WARN_UNDECLARED_SELECTOR = YES;
				GCC_WARN_UNINITIALIZED_AUTOS = YES_AGGRESSIVE;
				GCC_WARN_UNUSED_FUNCTION = YES;
				GCC_WARN_UNUSED_VARIABLE = YES;
				MACOSX_DEPLOYMENT_TARGET = 10.11;
				MTL_ENABLE_DEBUG_INFO = YES;
				ONLY_ACTIVE_ARCH = YES;
				SDKROOT = macosx;
			};
			name = Debug;
		};
		7989AC021CE9DDA200609DB0 /* Release */ = {
			isa = XCBuildConfiguration;
			buildSettings = {
				ALWAYS_SEARCH_USER_PATHS = NO;
				CLANG_ANALYZER_NONNULL = YES;
				CLANG_CXX_LANGUAGE_STANDARD = "gnu++0x";
				CLANG_CXX_LIBRARY = "libc++";
				CLANG_ENABLE_MODULES = YES;
				CLANG_ENABLE_OBJC_ARC = YES;
				CLANG_WARN_BOOL_CONVERSION = YES;
				CLANG_WARN_CONSTANT_CONVERSION = YES;
				CLANG_WARN_DIRECT_OBJC_ISA_USAGE = YES_ERROR;
				CLANG_WARN_EMPTY_BODY = YES;
				CLANG_WARN_ENUM_CONVERSION = YES;
				CLANG_WARN_INT_CONVERSION = YES;
				CLANG_WARN_OBJC_ROOT_CLASS = YES_ERROR;
				CLANG_WARN_UNREACHABLE_CODE = YES;
				CLANG_WARN__DUPLICATE_METHOD_MATCH = YES;
				CODE_SIGN_IDENTITY = "-";
				COPY_PHASE_STRIP = NO;
				DEBUG_INFORMATION_FORMAT = "dwarf-with-dsym";
				ENABLE_NS_ASSERTIONS = NO;
				ENABLE_STRICT_OBJC_MSGSEND = YES;
				GCC_C_LANGUAGE_STANDARD = gnu99;
				GCC_NO_COMMON_BLOCKS = YES;
				GCC_WARN_64_TO_32_BIT_CONVERSION = YES;
				GCC_WARN_ABOUT_RETURN_TYPE = YES_ERROR;
				GCC_WARN_UNDECLARED_SELECTOR = YES;
				GCC_WARN_UNINITIALIZED_AUTOS = YES_AGGRESSIVE;
				GCC_WARN_UNUSED_FUNCTION = YES;
				GCC_WARN_UNUSED_VARIABLE = YES;
				MACOSX_DEPLOYMENT_TARGET = 10.11;
				MTL_ENABLE_DEBUG_INFO = NO;
				SDKROOT = macosx;
			};
			name = Release;
		};
/* End XCBuildConfiguration section */

/* Begin XCConfigurationList section */
		7925D7391D25315A00FE0867 /* Build configuration list for PBXNativeTarget "pglinks" */ = {
			isa = XCConfigurationList;
			buildConfigurations = (
				7925D7371D25315A00FE0867 /* Debug */,
				7925D7381D25315A00FE0867 /* Release */,
			);
			defaultConfigurationIsVisible = 0;
			defaultConfigurationName = Release;
		};
		7989ABF41CE9DDA200609DB0 /* Build configuration list for PBXProject "PlaygroundTOC" */ = {
			isa = XCConfigurationList;
			buildConfigurations = (
				7989AC011CE9DDA200609DB0 /* Debug */,
				7989AC021CE9DDA200609DB0 /* Release */,
			);
			defaultConfigurationIsVisible = 0;
			defaultConfigurationName = Release;
		};
/* End XCConfigurationList section */
	};
	rootObject = 7989ABF11CE9DDA200609DB0 /* Project object */;
}
